// !$*UTF8*$!
{
	archiveVersion = 1;
	classes = {
	};
	objectVersion = 46;
	objects = {

/* Begin PBXBuildFile section */
		AF15BDC51D63AA5000780504 /* number-1.png in Resources */ = {isa = PBXBuildFile; fileRef = AF15BDC31D63AA5000780504 /* number-1.png */; };
		AF15BDC61D63AA5000780504 /* number-2.png in Resources */ = {isa = PBXBuildFile; fileRef = AF15BDC41D63AA5000780504 /* number-2.png */; };
		AF46EA771D99A03B004064DE /* stopWatchVC+StringsFormat.m in Sources */ = {isa = PBXBuildFile; fileRef = AF46EA761D99A03B004064DE /* stopWatchVC+StringsFormat.m */; };
		AF67F63C1D8D4B2B00856F99 /* CircleCell.m in Sources */ = {isa = PBXBuildFile; fileRef = AF67F63B1D8D4B2B00856F99 /* CircleCell.m */; };
		AF94FABB1D4925E000C0B5A3 /* main.m in Sources */ = {isa = PBXBuildFile; fileRef = AF94FABA1D4925E000C0B5A3 /* main.m */; };
		AF94FABE1D4925E000C0B5A3 /* AppDelegate.m in Sources */ = {isa = PBXBuildFile; fileRef = AF94FABD1D4925E000C0B5A3 /* AppDelegate.m */; };
		AF94FAC11D4925E000C0B5A3 /* ViewController.m in Sources */ = {isa = PBXBuildFile; fileRef = AF94FAC01D4925E000C0B5A3 /* ViewController.m */; };
		AF94FAC41D4925E000C0B5A3 /* Main.storyboard in Resources */ = {isa = PBXBuildFile; fileRef = AF94FAC21D4925E000C0B5A3 /* Main.storyboard */; };
		AF94FAC61D4925E000C0B5A3 /* Assets.xcassets in Resources */ = {isa = PBXBuildFile; fileRef = AF94FAC51D4925E000C0B5A3 /* Assets.xcassets */; };
		AF94FAC91D4925E000C0B5A3 /* LaunchScreen.storyboard in Resources */ = {isa = PBXBuildFile; fileRef = AF94FAC71D4925E000C0B5A3 /* LaunchScreen.storyboard */; };
		AF94FB461D4E58C200C0B5A3 /* img-pok.jpg in Resources */ = {isa = PBXBuildFile; fileRef = AF94FB451D4E58C200C0B5A3 /* img-pok.jpg */; };
		AF94FB491D4E628700C0B5A3 /* CellType01.m in Sources */ = {isa = PBXBuildFile; fileRef = AF94FB481D4E628700C0B5A3 /* CellType01.m */; };
		AFE72BE31D6F6D9200A2FF70 /* stopWatchVC.m in Sources */ = {isa = PBXBuildFile; fileRef = AFE72BE21D6F6D9200A2FF70 /* stopWatchVC.m */; };
/* End PBXBuildFile section */

/* Begin PBXFileReference section */
		AF15BDC31D63AA5000780504 /* number-1.png */ = {isa = PBXFileReference; lastKnownFileType = image.png; path = "number-1.png"; sourceTree = "<group>"; };
		AF15BDC41D63AA5000780504 /* number-2.png */ = {isa = PBXFileReference; lastKnownFileType = image.png; path = "number-2.png"; sourceTree = "<group>"; };
		AF46EA751D99A03B004064DE /* stopWatchVC+StringsFormat.h */ = {isa = PBXFileReference; fileEncoding = 4; lastKnownFileType = sourcecode.c.h; path = "stopWatchVC+StringsFormat.h"; sourceTree = "<group>"; };
		AF46EA761D99A03B004064DE /* stopWatchVC+StringsFormat.m */ = {isa = PBXFileReference; fileEncoding = 4; lastKnownFileType = sourcecode.c.objc; path = "stopWatchVC+StringsFormat.m"; sourceTree = "<group>"; };
		AF67F63A1D8D4B2B00856F99 /* CircleCell.h */ = {isa = PBXFileReference; fileEncoding = 4; lastKnownFileType = sourcecode.c.h; path = CircleCell.h; sourceTree = "<group>"; };
		AF67F63B1D8D4B2B00856F99 /* CircleCell.m */ = {isa = PBXFileReference; fileEncoding = 4; lastKnownFileType = sourcecode.c.objc; path = CircleCell.m; sourceTree = "<group>"; };
		AF94FAB61D4925E000C0B5A3 /* table-01.app */ = {isa = PBXFileReference; explicitFileType = wrapper.application; includeInIndex = 0; path = "table-01.app"; sourceTree = BUILT_PRODUCTS_DIR; };
		AF94FABA1D4925E000C0B5A3 /* main.m */ = {isa = PBXFileReference; lastKnownFileType = sourcecode.c.objc; path = main.m; sourceTree = "<group>"; };
		AF94FABC1D4925E000C0B5A3 /* AppDelegate.h */ = {isa = PBXFileReference; lastKnownFileType = sourcecode.c.h; path = AppDelegate.h; sourceTree = "<group>"; };
		AF94FABD1D4925E000C0B5A3 /* AppDelegate.m */ = {isa = PBXFileReference; lastKnownFileType = sourcecode.c.objc; path = AppDelegate.m; sourceTree = "<group>"; };
		AF94FABF1D4925E000C0B5A3 /* ViewController.h */ = {isa = PBXFileReference; lastKnownFileType = sourcecode.c.h; path = ViewController.h; sourceTree = "<group>"; };
		AF94FAC01D4925E000C0B5A3 /* ViewController.m */ = {isa = PBXFileReference; lastKnownFileType = sourcecode.c.objc; path = ViewController.m; sourceTree = "<group>"; };
		AF94FAC31D4925E000C0B5A3 /* Base */ = {isa = PBXFileReference; lastKnownFileType = file.storyboard; name = Base; path = Base.lproj/Main.storyboard; sourceTree = "<group>"; };
		AF94FAC51D4925E000C0B5A3 /* Assets.xcassets */ = {isa = PBXFileReference; lastKnownFileType = folder.assetcatalog; path = Assets.xcassets; sourceTree = "<group>"; };
		AF94FAC81D4925E000C0B5A3 /* Base */ = {isa = PBXFileReference; lastKnownFileType = file.storyboard; name = Base; path = Base.lproj/LaunchScreen.storyboard; sourceTree = "<group>"; };
		AF94FACA1D4925E000C0B5A3 /* Info.plist */ = {isa = PBXFileReference; lastKnownFileType = text.plist.xml; path = Info.plist; sourceTree = "<group>"; };
		AF94FB451D4E58C200C0B5A3 /* img-pok.jpg */ = {isa = PBXFileReference; lastKnownFileType = image.jpeg; path = "img-pok.jpg"; sourceTree = "<group>"; };
		AF94FB471D4E628700C0B5A3 /* CellType01.h */ = {isa = PBXFileReference; fileEncoding = 4; lastKnownFileType = sourcecode.c.h; path = CellType01.h; sourceTree = "<group>"; };
		AF94FB481D4E628700C0B5A3 /* CellType01.m */ = {isa = PBXFileReference; fileEncoding = 4; lastKnownFileType = sourcecode.c.objc; path = CellType01.m; sourceTree = "<group>"; };
		AFE72BE11D6F6D9200A2FF70 /* stopWatchVC.h */ = {isa = PBXFileReference; fileEncoding = 4; lastKnownFileType = sourcecode.c.h; path = stopWatchVC.h; sourceTree = "<group>"; };
		AFE72BE21D6F6D9200A2FF70 /* stopWatchVC.m */ = {isa = PBXFileReference; fileEncoding = 4; lastKnownFileType = sourcecode.c.objc; path = stopWatchVC.m; sourceTree = "<group>"; };
/* End PBXFileReference section */

/* Begin PBXFrameworksBuildPhase section */
		AF94FAB31D4925E000C0B5A3 /* Frameworks */ = {
			isa = PBXFrameworksBuildPhase;
			buildActionMask = 2147483647;
			files = (
			);
			runOnlyForDeploymentPostprocessing = 0;
		};
/* End PBXFrameworksBuildPhase section */

/* Begin PBXGroup section */
		AF94FAAD1D4925E000C0B5A3 = {
			isa = PBXGroup;
			children = (
				AF94FAB81D4925E000C0B5A3 /* table-01 */,
				AF94FAB71D4925E000C0B5A3 /* Products */,
			);
			sourceTree = "<group>";
		};
		AF94FAB71D4925E000C0B5A3 /* Products */ = {
			isa = PBXGroup;
			children = (
				AF94FAB61D4925E000C0B5A3 /* table-01.app */,
			);
			name = Products;
			sourceTree = "<group>";
		};
		AF94FAB81D4925E000C0B5A3 /* table-01 */ = {
			isa = PBXGroup;
			children = (
				AF94FABC1D4925E000C0B5A3 /* AppDelegate.h */,
				AF94FABD1D4925E000C0B5A3 /* AppDelegate.m */,
				AF94FABF1D4925E000C0B5A3 /* ViewController.h */,
				AF94FAC01D4925E000C0B5A3 /* ViewController.m */,
				AF94FB471D4E628700C0B5A3 /* CellType01.h */,
				AF94FB481D4E628700C0B5A3 /* CellType01.m */,
				AF67F63A1D8D4B2B00856F99 /* CircleCell.h */,
				AF67F63B1D8D4B2B00856F99 /* CircleCell.m */,
				AFE72BE11D6F6D9200A2FF70 /* stopWatchVC.h */,
				AFE72BE21D6F6D9200A2FF70 /* stopWatchVC.m */,
				AF46EA751D99A03B004064DE /* stopWatchVC+StringsFormat.h */,
				AF46EA761D99A03B004064DE /* stopWatchVC+StringsFormat.m */,
				AF94FAC21D4925E000C0B5A3 /* Main.storyboard */,
				AF94FAC51D4925E000C0B5A3 /* Assets.xcassets */,
				AF94FAC71D4925E000C0B5A3 /* LaunchScreen.storyboard */,
				AF94FACA1D4925E000C0B5A3 /* Info.plist */,
				AF94FB441D4E58C200C0B5A3 /* Images */,
				AF94FAB91D4925E000C0B5A3 /* Supporting Files */,
			);
			path = "table-01";
			sourceTree = "<group>";
		};
		AF94FAB91D4925E000C0B5A3 /* Supporting Files */ = {
			isa = PBXGroup;
			children = (
				AF94FABA1D4925E000C0B5A3 /* main.m */,
			);
			name = "Supporting Files";
			sourceTree = "<group>";
		};
		AF94FB441D4E58C200C0B5A3 /* Images */ = {
			isa = PBXGroup;
			children = (
				AF15BDC31D63AA5000780504 /* number-1.png */,
				AF15BDC41D63AA5000780504 /* number-2.png */,
				AF94FB451D4E58C200C0B5A3 /* img-pok.jpg */,
			);
			path = Images;
			sourceTree = "<group>";
		};
/* End PBXGroup section */

/* Begin PBXNativeTarget section */
		AF94FAB51D4925E000C0B5A3 /* table-01 */ = {
			isa = PBXNativeTarget;
			buildConfigurationList = AF94FACD1D4925E000C0B5A3 /* Build configuration list for PBXNativeTarget "table-01" */;
			buildPhases = (
				AF94FAB21D4925E000C0B5A3 /* Sources */,
				AF94FAB31D4925E000C0B5A3 /* Frameworks */,
				AF94FAB41D4925E000C0B5A3 /* Resources */,
			);
			buildRules = (
			);
			dependencies = (
			);
			name = "table-01";
			productName = "table-01";
			productReference = AF94FAB61D4925E000C0B5A3 /* table-01.app */;
			productType = "com.apple.product-type.application";
		};
/* End PBXNativeTarget section */

/* Begin PBXProject section */
		AF94FAAE1D4925E000C0B5A3 /* Project object */ = {
			isa = PBXProject;
			attributes = {
				LastUpgradeCheck = 0730;
				ORGANIZATIONNAME = "Serhii Serhiienko";
				TargetAttributes = {
					AF94FAB51D4925E000C0B5A3 = {
						CreatedOnToolsVersion = 7.3.1;
					};
				};
			};
			buildConfigurationList = AF94FAB11D4925E000C0B5A3 /* Build configuration list for PBXProject "table-01" */;
			compatibilityVersion = "Xcode 3.2";
			developmentRegion = English;
			hasScannedForEncodings = 0;
			knownRegions = (
				en,
				Base,
			);
			mainGroup = AF94FAAD1D4925E000C0B5A3;
			productRefGroup = AF94FAB71D4925E000C0B5A3 /* Products */;
			projectDirPath = "";
			projectRoot = "";
			targets = (
				AF94FAB51D4925E000C0B5A3 /* table-01 */,
			);
		};
/* End PBXProject section */

/* Begin PBXResourcesBuildPhase section */
		AF94FAB41D4925E000C0B5A3 /* Resources */ = {
			isa = PBXResourcesBuildPhase;
			buildActionMask = 2147483647;
			files = (
				AF15BDC51D63AA5000780504 /* number-1.png in Resources */,
				AF15BDC61D63AA5000780504 /* number-2.png in Resources */,
				AF94FAC91D4925E000C0B5A3 /* LaunchScreen.storyboard in Resources */,
				AF94FAC61D4925E000C0B5A3 /* Assets.xcassets in Resources */,
				AF94FB461D4E58C200C0B5A3 /* img-pok.jpg in Resources */,
				AF94FAC41D4925E000C0B5A3 /* Main.storyboard in Resources */,
			);
			runOnlyForDeploymentPostprocessing = 0;
		};
/* End PBXResourcesBuildPhase section */

/* Begin PBXSourcesBuildPhase section */
		AF94FAB21D4925E000C0B5A3 /* Sources */ = {
			isa = PBXSourcesBuildPhase;
			buildActionMask = 2147483647;
			files = (
				AF94FAC11D4925E000C0B5A3 /* ViewController.m in Sources */,
				AF94FABE1D4925E000C0B5A3 /* AppDelegate.m in Sources */,
				AF94FB491D4E628700C0B5A3 /* CellType01.m in Sources */,
				AF46EA771D99A03B004064DE /* stopWatchVC+StringsFormat.m in Sources */,
				AFE72BE31D6F6D9200A2FF70 /* stopWatchVC.m in Sources */,
				AF94FABB1D4925E000C0B5A3 /* main.m in Sources */,
				AF67F63C1D8D4B2B00856F99 /* CircleCell.m in Sources */,
			);
			runOnlyForDeploymentPostprocessing = 0;
		};
/* End PBXSourcesBuildPhase section */

/* Begin PBXVariantGroup section */
		AF94FAC21D4925E000C0B5A3 /* Main.storyboard */ = {
			isa = PBXVariantGroup;
			children = (
				AF94FAC31D4925E000C0B5A3 /* Base */,
			);
			name = Main.storyboard;
			sourceTree = "<group>";
		};
		AF94FAC71D4925E000C0B5A3 /* LaunchScreen.storyboard */ = {
			isa = PBXVariantGroup;
			children = (
				AF94FAC81D4925E000C0B5A3 /* Base */,
			);
			name = LaunchScreen.storyboard;
			sourceTree = "<group>";
		};
/* End PBXVariantGroup section */

/* Begin XCBuildConfiguration section */
		AF94FACB1D4925E000C0B5A3 /* Debug */ = {
			isa = XCBuildConfiguration;
			buildSettings = {
				ALWAYS_SEARCH_USER_PATHS = NO;
				CLANG_ANALYZER_NONNULL = YES;
				CLANG_CXX_LANGUAGE_STANDARD = "gnu++0x";
				CLANG_CXX_LIBRARY = "libc++";
				CLANG_ENABLE_MODULES = YES;
				CLANG_ENABLE_OBJC_ARC = YES;
				CLANG_WARN_BOOL_CONVERSION = YES;
				CLANG_WARN_CONSTANT_CONVERSION = YES;
				CLANG_WARN_DIRECT_OBJC_ISA_USAGE = YES_ERROR;
				CLANG_WARN_EMPTY_BODY = YES;
				CLANG_WARN_ENUM_CONVERSION = YES;
				CLANG_WARN_INT_CONVERSION = YES;
				CLANG_WARN_OBJC_ROOT_CLASS = YES_ERROR;
				CLANG_WARN_UNREACHABLE_CODE = YES;
				CLANG_WARN__DUPLICATE_METHOD_MATCH = YES;
				"CODE_SIGN_IDENTITY[sdk=iphoneos*]" = "iPhone Developer";
				COPY_PHASE_STRIP = NO;
				DEBUG_INFORMATION_FORMAT = dwarf;
				ENABLE_STRICT_OBJC_MSGSEND = YES;
				ENABLE_TESTABILITY = YES;
				GCC_C_LANGUAGE_STANDARD = gnu99;
				GCC_DYNAMIC_NO_PIC = NO;
				GCC_NO_COMMON_BLOCKS = YES;
				GCC_OPTIMIZATION_LEVEL = 0;
				GCC_PREPROCESSOR_DEFINITIONS = (
					"DEBUG=1",
					"$(inherited)",
				);
				GCC_WARN_64_TO_32_BIT_CONVERSION = YES;
				GCC_WARN_ABOUT_RETURN_TYPE = YES_ERROR;
				GCC_WARN_UNDECLARED_SELECTOR = YES;
				GCC_WARN_UNINITIALIZED_AUTOS = YES_AGGRESSIVE;
				GCC_WARN_UNUSED_FUNCTION = YES;
				GCC_WARN_UNUSED_VARIABLE = YES;
				IPHONEOS_DEPLOYMENT_TARGET = 9.3;
				MTL_ENABLE_DEBUG_INFO = YES;
				ONLY_ACTIVE_ARCH = YES;
				SDKROOT = iphoneos;
			};
			name = Debug;
		};
		AF94FACC1D4925E000C0B5A3 /* Release */ = {
			isa = XCBuildConfiguration;
			buildSettings = {
				ALWAYS_SEARCH_USER_PATHS = NO;
				CLANG_ANALYZER_NONNULL = YES;
				CLANG_CXX_LANGUAGE_STANDARD = "gnu++0x";
				CLANG_CXX_LIBRARY = "libc++";
				CLANG_ENABLE_MODULES = YES;
				CLANG_ENABLE_OBJC_ARC = YES;
				CLANG_WARN_BOOL_CONVERSION = YES;
				CLANG_WARN_CONSTANT_CONVERSION = YES;
				CLANG_WARN_DIRECT_OBJC_ISA_USAGE = YES_ERROR;
				CLANG_WARN_EMPTY_BODY = YES;
				CLANG_WARN_ENUM_CONVERSION = YES;
				CLANG_WARN_INT_CONVERSION = YES;
				CLANG_WARN_OBJC_ROOT_CLASS = YES_ERROR;
				CLANG_WARN_UNREACHABLE_CODE = YES;
				CLANG_WARN__DUPLICATE_METHOD_MATCH = YES;
				"CODE_SIGN_IDENTITY[sdk=iphoneos*]" = "iPhone Developer";
				COPY_PHASE_STRIP = NO;
				DEBUG_INFORMATION_FORMAT = "dwarf-with-dsym";
				ENABLE_NS_ASSERTIONS = NO;
				ENABLE_STRICT_OBJC_MSGSEND = YES;
				GCC_C_LANGUAGE_STANDARD = gnu99;
				GCC_NO_COMMON_BLOCKS = YES;
				GCC_WARN_64_TO_32_BIT_CONVERSION = YES;
				GCC_WARN_ABOUT_RETURN_TYPE = YES_ERROR;
				GCC_WARN_UNDECLARED_SELECTOR = YES;
				GCC_WARN_UNINITIALIZED_AUTOS = YES_AGGRESSIVE;
				GCC_WARN_UNUSED_FUNCTION = YES;
				GCC_WARN_UNUSED_VARIABLE = YES;
				IPHONEOS_DEPLOYMENT_TARGET = 9.3;
				MTL_ENABLE_DEBUG_INFO = NO;
				SDKROOT = iphoneos;
				VALIDATE_PRODUCT = YES;
			};
			name = Release;
		};
		AF94FACE1D4925E000C0B5A3 /* Debug */ = {
			isa = XCBuildConfiguration;
			buildSettings = {
				ASSETCATALOG_COMPILER_APPICON_NAME = AppIcon;
				INFOPLIST_FILE = "table-01/Info.plist";
				LD_RUNPATH_SEARCH_PATHS = "$(inherited) @executable_path/Frameworks";
				PRODUCT_BUNDLE_IDENTIFIER = "santa.com.table-01";
				PRODUCT_NAME = "$(TARGET_NAME)";
			};
			name = Debug;
		};
		AF94FACF1D4925E000C0B5A3 /* Release */ = {
			isa = XCBuildConfiguration;
			buildSettings = {
				ASSETCATALOG_COMPILER_APPICON_NAME = AppIcon;
				INFOPLIST_FILE = "table-01/Info.plist";
				LD_RUNPATH_SEARCH_PATHS = "$(inherited) @executable_path/Frameworks";
				PRODUCT_BUNDLE_IDENTIFIER = "santa.com.table-01";
				PRODUCT_NAME = "$(TARGET_NAME)";
			};
			name = Release;
		};
/* End XCBuildConfiguration section */

/* Begin XCConfigurationList section */
		AF94FAB11D4925E000C0B5A3 /* Build configuration list for PBXProject "table-01" */ = {
			isa = XCConfigurationList;
			buildConfigurations = (
				AF94FACB1D4925E000C0B5A3 /* Debug */,
				AF94FACC1D4925E000C0B5A3 /* Release */,
			);
			defaultConfigurationIsVisible = 0;
			defaultConfigurationName = Release;
		};
		AF94FACD1D4925E000C0B5A3 /* Build configuration list for PBXNativeTarget "table-01" */ = {
			isa = XCConfigurationList;
			buildConfigurations = (
				AF94FACE1D4925E000C0B5A3 /* Debug */,
				AF94FACF1D4925E000C0B5A3 /* Release */,
			);
			defaultConfigurationIsVisible = 0;
			defaultConfigurationName = Release;
		};
/* End XCConfigurationList section */
	};
	rootObject = AF94FAAE1D4925E000C0B5A3 /* Project object */;
}
